
Microsoft Visual Studio Solution File, Format Version 12.00
# Visual Studio 14
VisualStudioVersion = 14.0.23107.0
MinimumVisualStudioVersion = 10.0.40219.1
Project("{FAE04EC0-301F-11D3-BF4B-00C04F79EFBC}") = "Stebs5", "Stebs5\Stebs5.csproj", "{93421184-BB31-4C97-AAD1-6528F874DEF5}"
EndProject
Project("{FAE04EC0-301F-11D3-BF4B-00C04F79EFBC}") = "Stebs5.Tests", "Stebs5.Tests\Stebs5.Tests.csproj", "{AD979366-BF2D-4DED-8922-A07E35E68D85}"
EndProject
Project("{8BB2217D-0F2D-49D1-97BC-3654ED321F3B}") = "ProcessorSimulation", "ProcessorSimulation\ProcessorSimulation.xproj", "{5F44531F-0EF4-492E-90B5-6481805E6BB8}"
EndProject
Project("{8BB2217D-0F2D-49D1-97BC-3654ED321F3B}") = "ProcessorDispatcher", "ProcessorDispatcher\ProcessorDispatcher.xproj", "{8AB70FD9-B976-4D75-AE12-A22D8F3B1128}"
EndProject
Global
	GlobalSection(SolutionConfigurationPlatforms) = preSolution
		Debug|Any CPU = Debug|Any CPU
		Release|Any CPU = Release|Any CPU
	EndGlobalSection
	GlobalSection(ProjectConfigurationPlatforms) = postSolution
		{93421184-BB31-4C97-AAD1-6528F874DEF5}.Debug|Any CPU.ActiveCfg = Debug|Any CPU
		{93421184-BB31-4C97-AAD1-6528F874DEF5}.Debug|Any CPU.Build.0 = Debug|Any CPU
		{93421184-BB31-4C97-AAD1-6528F874DEF5}.Release|Any CPU.ActiveCfg = Release|Any CPU
		{93421184-BB31-4C97-AAD1-6528F874DEF5}.Release|Any CPU.Build.0 = Release|Any CPU
		{AD979366-BF2D-4DED-8922-A07E35E68D85}.Debug|Any CPU.ActiveCfg = Debug|Any CPU
		{AD979366-BF2D-4DED-8922-A07E35E68D85}.Debug|Any CPU.Build.0 = Debug|Any CPU
		{AD979366-BF2D-4DED-8922-A07E35E68D85}.Release|Any CPU.ActiveCfg = Release|Any CPU
		{AD979366-BF2D-4DED-8922-A07E35E68D85}.Release|Any CPU.Build.0 = Release|Any CPU
		{5F44531F-0EF4-492E-90B5-6481805E6BB8}.Debug|Any CPU.ActiveCfg = Debug|Any CPU
		{5F44531F-0EF4-492E-90B5-6481805E6BB8}.Debug|Any CPU.Build.0 = Debug|Any CPU
		{5F44531F-0EF4-492E-90B5-6481805E6BB8}.Release|Any CPU.ActiveCfg = Release|Any CPU
		{5F44531F-0EF4-492E-90B5-6481805E6BB8}.Release|Any CPU.Build.0 = Release|Any CPU
		{8AB70FD9-B976-4D75-AE12-A22D8F3B1128}.Debug|Any CPU.ActiveCfg = Debug|Any CPU
		{8AB70FD9-B976-4D75-AE12-A22D8F3B1128}.Debug|Any CPU.Build.0 = Debug|Any CPU
		{8AB70FD9-B976-4D75-AE12-A22D8F3B1128}.Release|Any CPU.ActiveCfg = Release|Any CPU
		{8AB70FD9-B976-4D75-AE12-A22D8F3B1128}.Release|Any CPU.Build.0 = Release|Any CPU
	EndGlobalSection
	GlobalSection(SolutionProperties) = preSolution
		HideSolutionNode = FALSE
	EndGlobalSection
EndGlobal
